// !$*UTF8*$!
{
	archiveVersion = 1;
	classes = {
	};
	objectVersion = 46;
	objects = {

/* Begin PBXBuildFile section */
		85FD388B1BF715A5000D9C8B /* main.m in Sources */ = {isa = PBXBuildFile; fileRef = 85FD388A1BF715A5000D9C8B /* main.m */; };
		85FD388E1BF715A5000D9C8B /* AppDelegate.m in Sources */ = {isa = PBXBuildFile; fileRef = 85FD388D1BF715A5000D9C8B /* AppDelegate.m */; };
		85FD38911BF715A5000D9C8B /* ViewController.m in Sources */ = {isa = PBXBuildFile; fileRef = 85FD38901BF715A5000D9C8B /* ViewController.m */; };
		85FD38941BF715A5000D9C8B /* Main.storyboard in Resources */ = {isa = PBXBuildFile; fileRef = 85FD38921BF715A5000D9C8B /* Main.storyboard */; };
		85FD38961BF715A5000D9C8B /* Images.xcassets in Resources */ = {isa = PBXBuildFile; fileRef = 85FD38951BF715A5000D9C8B /* Images.xcassets */; };
		85FD38991BF715A5000D9C8B /* LaunchScreen.xib in Resources */ = {isa = PBXBuildFile; fileRef = 85FD38971BF715A5000D9C8B /* LaunchScreen.xib */; };
		85FD38A51BF715A5000D9C8B /* Demo04_XML_SAXTests.m in Sources */ = {isa = PBXBuildFile; fileRef = 85FD38A41BF715A5000D9C8B /* Demo04_XML_SAXTests.m */; };
		85FD38AF1BF715F3000D9C8B /* party.xml in Resources */ = {isa = PBXBuildFile; fileRef = 85FD38AE1BF715F3000D9C8B /* party.xml */; };
/* End PBXBuildFile section */

/* Begin PBXContainerItemProxy section */
		85FD389F1BF715A5000D9C8B /* PBXContainerItemProxy */ = {
			isa = PBXContainerItemProxy;
			containerPortal = 85FD387D1BF715A5000D9C8B /* Project object */;
			proxyType = 1;
			remoteGlobalIDString = 85FD38841BF715A5000D9C8B;
			remoteInfo = Demo04_XML_SAX;
		};
/* End PBXContainerItemProxy section */

/* Begin PBXFileReference section */
		85FD38851BF715A5000D9C8B /* Demo04_XML_SAX.app */ = {isa = PBXFileReference; explicitFileType = wrapper.application; includeInIndex = 0; path = Demo04_XML_SAX.app; sourceTree = BUILT_PRODUCTS_DIR; };
		85FD38891BF715A5000D9C8B /* Info.plist */ = {isa = PBXFileReference; lastKnownFileType = text.plist.xml; path = Info.plist; sourceTree = "<group>"; };
		85FD388A1BF715A5000D9C8B /* main.m */ = {isa = PBXFileReference; lastKnownFileType = sourcecode.c.objc; path = main.m; sourceTree = "<group>"; };
		85FD388C1BF715A5000D9C8B /* AppDelegate.h */ = {isa = PBXFileReference; lastKnownFileType = sourcecode.c.h; path = AppDelegate.h; sourceTree = "<group>"; };
		85FD388D1BF715A5000D9C8B /* AppDelegate.m */ = {isa = PBXFileReference; lastKnownFileType = sourcecode.c.objc; path = AppDelegate.m; sourceTree = "<group>"; };
		85FD388F1BF715A5000D9C8B /* ViewController.h */ = {isa = PBXFileReference; lastKnownFileType = sourcecode.c.h; path = ViewController.h; sourceTree = "<group>"; };
		85FD38901BF715A5000D9C8B /* ViewController.m */ = {isa = PBXFileReference; lastKnownFileType = sourcecode.c.objc; path = ViewController.m; sourceTree = "<group>"; };
		85FD38931BF715A5000D9C8B /* Base */ = {isa = PBXFileReference; lastKnownFileType = file.storyboard; name = Base; path = Base.lproj/Main.storyboard; sourceTree = "<group>"; };
		85FD38951BF715A5000D9C8B /* Images.xcassets */ = {isa = PBXFileReference; lastKnownFileType = folder.assetcatalog; path = Images.xcassets; sourceTree = "<group>"; };
		85FD38981BF715A5000D9C8B /* Base */ = {isa = PBXFileReference; lastKnownFileType = file.xib; name = Base; path = Base.lproj/LaunchScreen.xib; sourceTree = "<group>"; };
		85FD389E1BF715A5000D9C8B /* Demo04_XML_SAXTests.xctest */ = {isa = PBXFileReference; explicitFileType = wrapper.cfbundle; includeInIndex = 0; path = Demo04_XML_SAXTests.xctest; sourceTree = BUILT_PRODUCTS_DIR; };
		85FD38A31BF715A5000D9C8B /* Info.plist */ = {isa = PBXFileReference; lastKnownFileType = text.plist.xml; path = Info.plist; sourceTree = "<group>"; };
		85FD38A41BF715A5000D9C8B /* Demo04_XML_SAXTests.m */ = {isa = PBXFileReference; lastKnownFileType = sourcecode.c.objc; path = Demo04_XML_SAXTests.m; sourceTree = "<group>"; };
		85FD38AE1BF715F3000D9C8B /* party.xml */ = {isa = PBXFileReference; fileEncoding = 4; lastKnownFileType = text.xml; path = party.xml; sourceTree = "<group>"; };
/* End PBXFileReference section */

/* Begin PBXFrameworksBuildPhase section */
		85FD38821BF715A5000D9C8B /* Frameworks */ = {
			isa = PBXFrameworksBuildPhase;
			buildActionMask = 2147483647;
			files = (
			);
			runOnlyForDeploymentPostprocessing = 0;
		};
		85FD389B1BF715A5000D9C8B /* Frameworks */ = {
			isa = PBXFrameworksBuildPhase;
			buildActionMask = 2147483647;
			files = (
			);
			runOnlyForDeploymentPostprocessing = 0;
		};
/* End PBXFrameworksBuildPhase section */

/* Begin PBXGroup section */
		85FD387C1BF715A5000D9C8B = {
			isa = PBXGroup;
			children = (
				85FD38871BF715A5000D9C8B /* Demo04_XML_SAX */,
				85FD38A11BF715A5000D9C8B /* Demo04_XML_SAXTests */,
				85FD38861BF715A5000D9C8B /* Products */,
			);
			sourceTree = "<group>";
		};
		85FD38861BF715A5000D9C8B /* Products */ = {
			isa = PBXGroup;
			children = (
				85FD38851BF715A5000D9C8B /* Demo04_XML_SAX.app */,
				85FD389E1BF715A5000D9C8B /* Demo04_XML_SAXTests.xctest */,
			);
			name = Products;
			sourceTree = "<group>";
		};
		85FD38871BF715A5000D9C8B /* Demo04_XML_SAX */ = {
			isa = PBXGroup;
			children = (
				85FD388C1BF715A5000D9C8B /* AppDelegate.h */,
				85FD388D1BF715A5000D9C8B /* AppDelegate.m */,
				85FD388F1BF715A5000D9C8B /* ViewController.h */,
				85FD38901BF715A5000D9C8B /* ViewController.m */,
				85FD38AE1BF715F3000D9C8B /* party.xml */,
				85FD38921BF715A5000D9C8B /* Main.storyboard */,
				85FD38951BF715A5000D9C8B /* Images.xcassets */,
				85FD38971BF715A5000D9C8B /* LaunchScreen.xib */,
				85FD38881BF715A5000D9C8B /* Supporting Files */,
			);
			path = Demo04_XML_SAX;
			sourceTree = "<group>";
		};
		85FD38881BF715A5000D9C8B /* Supporting Files */ = {
			isa = PBXGroup;
			children = (
				85FD38891BF715A5000D9C8B /* Info.plist */,
				85FD388A1BF715A5000D9C8B /* main.m */,
			);
			name = "Supporting Files";
			sourceTree = "<group>";
		};
		85FD38A11BF715A5000D9C8B /* Demo04_XML_SAXTests */ = {
			isa = PBXGroup;
			children = (
				85FD38A41BF715A5000D9C8B /* Demo04_XML_SAXTests.m */,
				85FD38A21BF715A5000D9C8B /* Supporting Files */,
			);
			path = Demo04_XML_SAXTests;
			sourceTree = "<group>";
		};
		85FD38A21BF715A5000D9C8B /* Supporting Files */ = {
			isa = PBXGroup;
			children = (
				85FD38A31BF715A5000D9C8B /* Info.plist */,
			);
			name = "Supporting Files";
			sourceTree = "<group>";
		};
/* End PBXGroup section */

/* Begin PBXNativeTarget section */
		85FD38841BF715A5000D9C8B /* Demo04_XML_SAX */ = {
			isa = PBXNativeTarget;
			buildConfigurationList = 85FD38A81BF715A5000D9C8B /* Build configuration list for PBXNativeTarget "Demo04_XML_SAX" */;
			buildPhases = (
				85FD38811BF715A5000D9C8B /* Sources */,
				85FD38821BF715A5000D9C8B /* Frameworks */,
				85FD38831BF715A5000D9C8B /* Resources */,
			);
			buildRules = (
			);
			dependencies = (
			);
			name = Demo04_XML_SAX;
			productName = Demo04_XML_SAX;
			productReference = 85FD38851BF715A5000D9C8B /* Demo04_XML_SAX.app */;
			productType = "com.apple.product-type.application";
		};
		85FD389D1BF715A5000D9C8B /* Demo04_XML_SAXTests */ = {
			isa = PBXNativeTarget;
			buildConfigurationList = 85FD38AB1BF715A5000D9C8B /* Build configuration list for PBXNativeTarget "Demo04_XML_SAXTests" */;
			buildPhases = (
				85FD389A1BF715A5000D9C8B /* Sources */,
				85FD389B1BF715A5000D9C8B /* Frameworks */,
				85FD389C1BF715A5000D9C8B /* Resources */,
			);
			buildRules = (
			);
			dependencies = (
				85FD38A01BF715A5000D9C8B /* PBXTargetDependency */,
			);
			name = Demo04_XML_SAXTests;
			productName = Demo04_XML_SAXTests;
			productReference = 85FD389E1BF715A5000D9C8B /* Demo04_XML_SAXTests.xctest */;
			productType = "com.apple.product-type.bundle.unit-test";
		};
/* End PBXNativeTarget section */

/* Begin PBXProject section */
		85FD387D1BF715A5000D9C8B /* Project object */ = {
			isa = PBXProject;
			attributes = {
				LastUpgradeCheck = 0640;
				ORGANIZATIONNAME = tarena;
				TargetAttributes = {
					85FD38841BF715A5000D9C8B = {
						CreatedOnToolsVersion = 6.4;
					};
					85FD389D1BF715A5000D9C8B = {
						CreatedOnToolsVersion = 6.4;
						TestTargetID = 85FD38841BF715A5000D9C8B;
					};
				};
			};
			buildConfigurationList = 85FD38801BF715A5000D9C8B /* Build configuration list for PBXProject "Demo04_XML_SAX" */;
			compatibilityVersion = "Xcode 3.2";
			developmentRegion = English;
			hasScannedForEncodings = 0;
			knownRegions = (
				en,
				Base,
			);
			mainGroup = 85FD387C1BF715A5000D9C8B;
			productRefGroup = 85FD38861BF715A5000D9C8B /* Products */;
			projectDirPath = "";
			projectRoot = "";
			targets = (
				85FD38841BF715A5000D9C8B /* Demo04_XML_SAX */,
				85FD389D1BF715A5000D9C8B /* Demo04_XML_SAXTests */,
			);
		};
/* End PBXProject section */

/* Begin PBXResourcesBuildPhase section */
		85FD38831BF715A5000D9C8B /* Resources */ = {
			isa = PBXResourcesBuildPhase;
			buildActionMask = 2147483647;
			files = (
				85FD38AF1BF715F3000D9C8B /* party.xml in Resources */,
				85FD38941BF715A5000D9C8B /* Main.storyboard in Resources */,
				85FD38991BF715A5000D9C8B /* LaunchScreen.xib in Resources */,
				85FD38961BF715A5000D9C8B /* Images.xcassets in Resources */,
			);
			runOnlyForDeploymentPostprocessing = 0;
		};
		85FD389C1BF715A5000D9C8B /* Resources */ = {
			isa = PBXResourcesBuildPhase;
			buildActionMask = 2147483647;
			files = (
			);
			runOnlyForDeploymentPostprocessing = 0;
		};
/* End PBXResourcesBuildPhase section */

/* Begin PBXSourcesBuildPhase section */
		85FD38811BF715A5000D9C8B /* Sources */ = {
			isa = PBXSourcesBuildPhase;
			buildActionMask = 2147483647;
			files = (
				85FD38911BF715A5000D9C8B /* ViewController.m in Sources */,
				85FD388E1BF715A5000D9C8B /* AppDelegate.m in Sources */,
				85FD388B1BF715A5000D9C8B /* main.m in Sources */,
			);
			runOnlyForDeploymentPostprocessing = 0;
		};
		85FD389A1BF715A5000D9C8B /* Sources */ = {
			isa = PBXSourcesBuildPhase;
			buildActionMask = 2147483647;
			files = (
				85FD38A51BF715A5000D9C8B /* Demo04_XML_SAXTests.m in Sources */,
			);
			runOnlyForDeploymentPostprocessing = 0;
		};
/* End PBXSourcesBuildPhase section */

/* Begin PBXTargetDependency section */
		85FD38A01BF715A5000D9C8B /* PBXTargetDependency */ = {
			isa = PBXTargetDependency;
			target = 85FD38841BF715A5000D9C8B /* Demo04_XML_SAX */;
			targetProxy = 85FD389F1BF715A5000D9C8B /* PBXContainerItemProxy */;
		};
/* End PBXTargetDependency section */

/* Begin PBXVariantGroup section */
		85FD38921BF715A5000D9C8B /* Main.storyboard */ = {
			isa = PBXVariantGroup;
			children = (
				85FD38931BF715A5000D9C8B /* Base */,
			);
			name = Main.storyboard;
			sourceTree = "<group>";
		};
		85FD38971BF715A5000D9C8B /* LaunchScreen.xib */ = {
			isa = PBXVariantGroup;
			children = (
				85FD38981BF715A5000D9C8B /* Base */,
			);
			name = LaunchScreen.xib;
			sourceTree = "<group>";
		};
/* End PBXVariantGroup section */

/* Begin XCBuildConfiguration section */
		85FD38A61BF715A5000D9C8B /* Debug */ = {
			isa = XCBuildConfiguration;
			buildSettings = {
				ALWAYS_SEARCH_USER_PATHS = NO;
				CLANG_CXX_LANGUAGE_STANDARD = "gnu++0x";
				CLANG_CXX_LIBRARY = "libc++";
				CLANG_ENABLE_MODULES = YES;
				CLANG_ENABLE_OBJC_ARC = YES;
				CLANG_WARN_BOOL_CONVERSION = YES;
				CLANG_WARN_CONSTANT_CONVERSION = YES;
				CLANG_WARN_DIRECT_OBJC_ISA_USAGE = YES_ERROR;
				CLANG_WARN_EMPTY_BODY = YES;
				CLANG_WARN_ENUM_CONVERSION = YES;
				CLANG_WARN_INT_CONVERSION = YES;
				CLANG_WARN_OBJC_ROOT_CLASS = YES_ERROR;
				CLANG_WARN_UNREACHABLE_CODE = YES;
				CLANG_WARN__DUPLICATE_METHOD_MATCH = YES;
				"CODE_SIGN_IDENTITY[sdk=iphoneos*]" = "iPhone Developer";
				COPY_PHASE_STRIP = NO;
				DEBUG_INFORMATION_FORMAT = "dwarf-with-dsym";
				ENABLE_STRICT_OBJC_MSGSEND = YES;
				GCC_C_LANGUAGE_STANDARD = gnu99;
				GCC_DYNAMIC_NO_PIC = NO;
				GCC_NO_COMMON_BLOCKS = YES;
				GCC_OPTIMIZATION_LEVEL = 0;
				GCC_PREPROCESSOR_DEFINITIONS = (
					"DEBUG=1",
					"$(inherited)",
				);
				GCC_SYMBOLS_PRIVATE_EXTERN = NO;
				GCC_WARN_64_TO_32_BIT_CONVERSION = YES;
				GCC_WARN_ABOUT_RETURN_TYPE = YES_ERROR;
				GCC_WARN_UNDECLARED_SELECTOR = YES;
				GCC_WARN_UNINITIALIZED_AUTOS = YES_AGGRESSIVE;
				GCC_WARN_UNUSED_FUNCTION = YES;
				GCC_WARN_UNUSED_VARIABLE = YES;
				IPHONEOS_DEPLOYMENT_TARGET = 8.4;
				MTL_ENABLE_DEBUG_INFO = YES;
				ONLY_ACTIVE_ARCH = YES;
				SDKROOT = iphoneos;
			};
			name = Debug;
		};
		85FD38A71BF715A5000D9C8B /* Release */ = {
			isa = XCBuildConfiguration;
			buildSettings = {
				ALWAYS_SEARCH_USER_PATHS = NO;
				CLANG_CXX_LANGUAGE_STANDARD = "gnu++0x";
				CLANG_CXX_LIBRARY = "libc++";
				CLANG_ENABLE_MODULES = YES;
				CLANG_ENABLE_OBJC_ARC = YES;
				CLANG_WARN_BOOL_CONVERSION = YES;
				CLANG_WARN_CONSTANT_CONVERSION = YES;
				CLANG_WARN_DIRECT_OBJC_ISA_USAGE = YES_ERROR;
				CLANG_WARN_EMPTY_BODY = YES;
				CLANG_WARN_ENUM_CONVERSION = YES;
				CLANG_WARN_INT_CONVERSION = YES;
				CLANG_WARN_OBJC_ROOT_CLASS = YES_ERROR;
				CLANG_WARN_UNREACHABLE_CODE = YES;
				CLANG_WARN__DUPLICATE_METHOD_MATCH = YES;
				"CODE_SIGN_IDENTITY[sdk=iphoneos*]" = "iPhone Developer";
				COPY_PHASE_STRIP = NO;
				DEBUG_INFORMATION_FORMAT = "dwarf-with-dsym";
				ENABLE_NS_ASSERTIONS = NO;
				ENABLE_STRICT_OBJC_MSGSEND = YES;
				GCC_C_LANGUAGE_STANDARD = gnu99;
				GCC_NO_COMMON_BLOCKS = YES;
				GCC_WARN_64_TO_32_BIT_CONVERSION = YES;
				GCC_WARN_ABOUT_RETURN_TYPE = YES_ERROR;
				GCC_WARN_UNDECLARED_SELECTOR = YES;
				GCC_WARN_UNINITIALIZED_AUTOS = YES_AGGRESSIVE;
				GCC_WARN_UNUSED_FUNCTION = YES;
				GCC_WARN_UNUSED_VARIABLE = YES;
				IPHONEOS_DEPLOYMENT_TARGET = 8.4;
				MTL_ENABLE_DEBUG_INFO = NO;
				SDKROOT = iphoneos;
				VALIDATE_PRODUCT = YES;
			};
			name = Release;
		};
		85FD38A91BF715A5000D9C8B /* Debug */ = {
			isa = XCBuildConfiguration;
			buildSettings = {
				ASSETCATALOG_COMPILER_APPICON_NAME = AppIcon;
				INFOPLIST_FILE = Demo04_XML_SAX/Info.plist;
				LD_RUNPATH_SEARCH_PATHS = "$(inherited) @executable_path/Frameworks";
				PRODUCT_NAME = "$(TARGET_NAME)";
			};
			name = Debug;
		};
		85FD38AA1BF715A5000D9C8B /* Release */ = {
			isa = XCBuildConfiguration;
			buildSettings = {
				ASSETCATALOG_COMPILER_APPICON_NAME = AppIcon;
				INFOPLIST_FILE = Demo04_XML_SAX/Info.plist;
				LD_RUNPATH_SEARCH_PATHS = "$(inherited) @executable_path/Frameworks";
				PRODUCT_NAME = "$(TARGET_NAME)";
			};
			name = Release;
		};
		85FD38AC1BF715A5000D9C8B /* Debug */ = {
			isa = XCBuildConfiguration;
			buildSettings = {
				BUNDLE_LOADER = "$(TEST_HOST)";
				FRAMEWORK_SEARCH_PATHS = (
					"$(SDKROOT)/Developer/Library/Frameworks",
					"$(inherited)",
				);
				GCC_PREPROCESSOR_DEFINITIONS = (
					"DEBUG=1",
					"$(inherited)",
				);
				INFOPLIST_FILE = Demo04_XML_SAXTests/Info.plist;
				LD_RUNPATH_SEARCH_PATHS = "$(inherited) @executable_path/Frameworks @loader_path/Frameworks";
				PRODUCT_NAME = "$(TARGET_NAME)";
				TEST_HOST = "$(BUILT_PRODUCTS_DIR)/Demo04_XML_SAX.app/Demo04_XML_SAX";
			};
			name = Debug;
		};
		85FD38AD1BF715A5000D9C8B /* Release */ = {
			isa = XCBuildConfiguration;
			buildSettings = {
				BUNDLE_LOADER = "$(TEST_HOST)";
				FRAMEWORK_SEARCH_PATHS = (
					"$(SDKROOT)/Developer/Library/Frameworks",
					"$(inherited)",
				);
				INFOPLIST_FILE = Demo04_XML_SAXTests/Info.plist;
				LD_RUNPATH_SEARCH_PATHS = "$(inherited) @executable_path/Frameworks @loader_path/Frameworks";
				PRODUCT_NAME = "$(TARGET_NAME)";
				TEST_HOST = "$(BUILT_PRODUCTS_DIR)/Demo04_XML_SAX.app/Demo04_XML_SAX";
			};
			name = Release;
		};
/* End XCBuildConfiguration section */

/* Begin XCConfigurationList section */
		85FD38801BF715A5000D9C8B /* Build configuration list for PBXProject "Demo04_XML_SAX" */ = {
			isa = XCConfigurationList;
			buildConfigurations = (
				85FD38A61BF715A5000D9C8B /* Debug */,
				85FD38A71BF715A5000D9C8B /* Release */,
			);
			defaultConfigurationIsVisible = 0;
			defaultConfigurationName = Release;
		};
		85FD38A81BF715A5000D9C8B /* Build configuration list for PBXNativeTarget "Demo04_XML_SAX" */ = {
			isa = XCConfigurationList;
			buildConfigurations = (
				85FD38A91BF715A5000D9C8B /* Debug */,
				85FD38AA1BF715A5000D9C8B /* Release */,
			);
			defaultConfigurationIsVisible = 0;
		};
		85FD38AB1BF715A5000D9C8B /* Build configuration list for PBXNativeTarget "Demo04_XML_SAXTests" */ = {
			isa = XCConfigurationList;
			buildConfigurations = (
				85FD38AC1BF715A5000D9C8B /* Debug */,
				85FD38AD1BF715A5000D9C8B /* Release */,
			);
			defaultConfigurationIsVisible = 0;
		};
/* End XCConfigurationList section */
	};
	rootObject = 85FD387D1BF715A5000D9C8B /* Project object */;
}
